
Microsoft Visual Studio Solution File, Format Version 12.00
# Visual Studio 14
VisualStudioVersion = 14.0.24720.0
MinimumVisualStudioVersion = 10.0.40219.1
Project("{2150E333-8FDC-42A3-9474-1A3956D46DE8}") = "Solution Items", "Solution Items", "{6F718F51-F605-43EF-9884-72576BEFAF0F}"
	ProjectSection(SolutionItems) = preProject
		appveyor.yml = appveyor.yml
		global.json = global.json
		NuGet.Config = NuGet.Config
	EndProjectSection
EndProject
Project("{8BB2217D-0F2D-49D1-97BC-3654ED321F3B}") = "CoolSms", "src\CoolSms\CoolSms.xproj", "{4E492010-4C03-4688-AED4-5D0614135DA6}"
EndProject
Project("{8BB2217D-0F2D-49D1-97BC-3654ED321F3B}") = "CoolSms.Tests", "test\CoolSms.Tests\CoolSms.Tests.xproj", "{DAEC0412-E789-42EB-8B81-F136EC7F68BB}"
EndProject
Project("{2150E333-8FDC-42A3-9474-1A3956D46DE8}") = "samples", "samples", "{FE105021-AC1B-46F6-9DB8-9DFD8A5B4D59}"
EndProject
Project("{8BB2217D-0F2D-49D1-97BC-3654ED321F3B}") = "CoolSms.Samples.Console.Core", "samples\CoolSms.Samples.Console.Core\CoolSms.Samples.Console.Core.xproj", "{200EB2E4-6F41-4748-895F-5046081AB450}"
EndProject
Global
	GlobalSection(SolutionConfigurationPlatforms) = preSolution
		Debug|Any CPU = Debug|Any CPU
		Release|Any CPU = Release|Any CPU
	EndGlobalSection
	GlobalSection(ProjectConfigurationPlatforms) = postSolution
		{4E492010-4C03-4688-AED4-5D0614135DA6}.Debug|Any CPU.ActiveCfg = Debug|Any CPU
		{4E492010-4C03-4688-AED4-5D0614135DA6}.Debug|Any CPU.Build.0 = Debug|Any CPU
		{4E492010-4C03-4688-AED4-5D0614135DA6}.Release|Any CPU.ActiveCfg = Release|Any CPU
		{4E492010-4C03-4688-AED4-5D0614135DA6}.Release|Any CPU.Build.0 = Release|Any CPU
		{DAEC0412-E789-42EB-8B81-F136EC7F68BB}.Debug|Any CPU.ActiveCfg = Debug|Any CPU
		{DAEC0412-E789-42EB-8B81-F136EC7F68BB}.Debug|Any CPU.Build.0 = Debug|Any CPU
		{DAEC0412-E789-42EB-8B81-F136EC7F68BB}.Release|Any CPU.ActiveCfg = Release|Any CPU
		{DAEC0412-E789-42EB-8B81-F136EC7F68BB}.Release|Any CPU.Build.0 = Release|Any CPU
		{200EB2E4-6F41-4748-895F-5046081AB450}.Debug|Any CPU.ActiveCfg = Debug|Any CPU
		{200EB2E4-6F41-4748-895F-5046081AB450}.Debug|Any CPU.Build.0 = Debug|Any CPU
		{200EB2E4-6F41-4748-895F-5046081AB450}.Release|Any CPU.ActiveCfg = Release|Any CPU
		{200EB2E4-6F41-4748-895F-5046081AB450}.Release|Any CPU.Build.0 = Release|Any CPU
	EndGlobalSection
	GlobalSection(SolutionProperties) = preSolution
		HideSolutionNode = FALSE
	EndGlobalSection
	GlobalSection(NestedProjects) = preSolution
		{200EB2E4-6F41-4748-895F-5046081AB450} = {FE105021-AC1B-46F6-9DB8-9DFD8A5B4D59}
	EndGlobalSection
EndGlobal
